// !$*UTF8*$!
{
	archiveVersion = 1;
	classes = {
	};
	objectVersion = 55;
	objects = {

/* Begin PBXBuildFile section */
		6C85F7272791C6C000C78D01 /* UIStackViewExtension.swift in Sources */ = {isa = PBXBuildFile; fileRef = 6C85F7262791C6C000C78D01 /* UIStackViewExtension.swift */; };
		6CAD22932790645200FB46CF /* AppDelegate.swift in Sources */ = {isa = PBXBuildFile; fileRef = 6CAD22922790645200FB46CF /* AppDelegate.swift */; };
		6CAD22952790645200FB46CF /* SceneDelegate.swift in Sources */ = {isa = PBXBuildFile; fileRef = 6CAD22942790645200FB46CF /* SceneDelegate.swift */; };
		6CAD229C2790645200FB46CF /* Assets.xcassets in Resources */ = {isa = PBXBuildFile; fileRef = 6CAD229B2790645200FB46CF /* Assets.xcassets */; };
		6CAD229F2790645200FB46CF /* LaunchScreen.storyboard in Resources */ = {isa = PBXBuildFile; fileRef = 6CAD229D2790645200FB46CF /* LaunchScreen.storyboard */; };
		6CD3731D27915649009D64BE /* LoginScreenVC.swift in Sources */ = {isa = PBXBuildFile; fileRef = 6CD3731C27915649009D64BE /* LoginScreenVC.swift */; };
		6CD373202791571C009D64BE /* SetupConstrainsToViews.swift in Sources */ = {isa = PBXBuildFile; fileRef = 6CD3731F2791571C009D64BE /* SetupConstrainsToViews.swift */; };
		6CFD33CE2792C4E20001C209 /* MainScreenVC.swift in Sources */ = {isa = PBXBuildFile; fileRef = 6CFD33CD2792C4E20001C209 /* MainScreenVC.swift */; };
		6CFD33D02792C5010001C209 /* RegistrationVC.swift in Sources */ = {isa = PBXBuildFile; fileRef = 6CFD33CF2792C5010001C209 /* RegistrationVC.swift */; };
/* End PBXBuildFile section */

/* Begin PBXFileReference section */
		6C85F7262791C6C000C78D01 /* UIStackViewExtension.swift */ = {isa = PBXFileReference; lastKnownFileType = sourcecode.swift; path = UIStackViewExtension.swift; sourceTree = "<group>"; };
		6CAD228F2790645200FB46CF /* DelegatePractice.app */ = {isa = PBXFileReference; explicitFileType = wrapper.application; includeInIndex = 0; path = DelegatePractice.app; sourceTree = BUILT_PRODUCTS_DIR; };
		6CAD22922790645200FB46CF /* AppDelegate.swift */ = {isa = PBXFileReference; lastKnownFileType = sourcecode.swift; path = AppDelegate.swift; sourceTree = "<group>"; };
		6CAD22942790645200FB46CF /* SceneDelegate.swift */ = {isa = PBXFileReference; lastKnownFileType = sourcecode.swift; path = SceneDelegate.swift; sourceTree = "<group>"; };
		6CAD229B2790645200FB46CF /* Assets.xcassets */ = {isa = PBXFileReference; lastKnownFileType = folder.assetcatalog; path = Assets.xcassets; sourceTree = "<group>"; };
		6CAD229E2790645200FB46CF /* Base */ = {isa = PBXFileReference; lastKnownFileType = file.storyboard; name = Base; path = Base.lproj/LaunchScreen.storyboard; sourceTree = "<group>"; };
		6CAD22A02790645200FB46CF /* Info.plist */ = {isa = PBXFileReference; lastKnownFileType = text.plist.xml; path = Info.plist; sourceTree = "<group>"; };
		6CD3731C27915649009D64BE /* LoginScreenVC.swift */ = {isa = PBXFileReference; lastKnownFileType = sourcecode.swift; path = LoginScreenVC.swift; sourceTree = "<group>"; };
		6CD3731F2791571C009D64BE /* SetupConstrainsToViews.swift */ = {isa = PBXFileReference; lastKnownFileType = sourcecode.swift; path = SetupConstrainsToViews.swift; sourceTree = "<group>"; };
		6CFD33CD2792C4E20001C209 /* MainScreenVC.swift */ = {isa = PBXFileReference; lastKnownFileType = sourcecode.swift; path = MainScreenVC.swift; sourceTree = "<group>"; };
		6CFD33CF2792C5010001C209 /* RegistrationVC.swift */ = {isa = PBXFileReference; lastKnownFileType = sourcecode.swift; path = RegistrationVC.swift; sourceTree = "<group>"; };
/* End PBXFileReference section */

/* Begin PBXFrameworksBuildPhase section */
		6CAD228C2790645200FB46CF /* Frameworks */ = {
			isa = PBXFrameworksBuildPhase;
			buildActionMask = 2147483647;
			files = (
			);
			runOnlyForDeploymentPostprocessing = 0;
		};
/* End PBXFrameworksBuildPhase section */

/* Begin PBXGroup section */
		6C85F7252791C69400C78D01 /* Extensions */ = {
			isa = PBXGroup;
			children = (
				6C85F7262791C6C000C78D01 /* UIStackViewExtension.swift */,
			);
			path = Extensions;
			sourceTree = "<group>";
		};
		6CAD22862790645200FB46CF = {
			isa = PBXGroup;
			children = (
				6CAD22912790645200FB46CF /* DelegatePractice */,
				6CAD22902790645200FB46CF /* Products */,
			);
			sourceTree = "<group>";
		};
		6CAD22902790645200FB46CF /* Products */ = {
			isa = PBXGroup;
			children = (
				6CAD228F2790645200FB46CF /* DelegatePractice.app */,
			);
			name = Products;
			sourceTree = "<group>";
		};
		6CAD22912790645200FB46CF /* DelegatePractice */ = {
			isa = PBXGroup;
			children = (
				6CD3732127915791009D64BE /* appDelegate_SceneDelegate */,
				6C85F7252791C69400C78D01 /* Extensions */,
				6CD3731727915579009D64BE /* Models */,
				6CD373192791557F009D64BE /* Controllers */,
				6CD373182791557C009D64BE /* Views */,
				6CAD22A02790645200FB46CF /* Info.plist */,
			);
			path = DelegatePractice;
			sourceTree = "<group>";
		};
		6CD3731727915579009D64BE /* Models */ = {
			isa = PBXGroup;
			children = (
			);
			path = Models;
			sourceTree = "<group>";
		};
		6CD373182791557C009D64BE /* Views */ = {
			isa = PBXGroup;
			children = (
				6CD3731F2791571C009D64BE /* SetupConstrainsToViews.swift */,
				6CD3731E27915664009D64BE /* Assets+Launch screen */,
			);
			path = Views;
			sourceTree = "<group>";
		};
		6CD373192791557F009D64BE /* Controllers */ = {
			isa = PBXGroup;
			children = (
				6CD3731C27915649009D64BE /* LoginScreenVC.swift */,
				6CFD33CF2792C5010001C209 /* RegistrationVC.swift */,
				6CFD33CD2792C4E20001C209 /* MainScreenVC.swift */,
			);
			path = Controllers;
			sourceTree = "<group>";
		};
		6CD3731E27915664009D64BE /* Assets+Launch screen */ = {
			isa = PBXGroup;
			children = (
				6CAD229B2790645200FB46CF /* Assets.xcassets */,
				6CAD229D2790645200FB46CF /* LaunchScreen.storyboard */,
			);
			path = "Assets+Launch screen";
			sourceTree = "<group>";
		};
		6CD3732127915791009D64BE /* appDelegate_SceneDelegate */ = {
			isa = PBXGroup;
			children = (
				6CAD22922790645200FB46CF /* AppDelegate.swift */,
				6CAD22942790645200FB46CF /* SceneDelegate.swift */,
			);
			path = appDelegate_SceneDelegate;
			sourceTree = "<group>";
		};
/* End PBXGroup section */

/* Begin PBXNativeTarget section */
		6CAD228E2790645200FB46CF /* DelegatePractice */ = {
			isa = PBXNativeTarget;
			buildConfigurationList = 6CAD22A32790645200FB46CF /* Build configuration list for PBXNativeTarget "DelegatePractice" */;
			buildPhases = (
				6CAD228B2790645200FB46CF /* Sources */,
				6CAD228C2790645200FB46CF /* Frameworks */,
				6CAD228D2790645200FB46CF /* Resources */,
			);
			buildRules = (
			);
			dependencies = (
			);
			name = DelegatePractice;
			productName = DelegatePractice;
			productReference = 6CAD228F2790645200FB46CF /* DelegatePractice.app */;
			productType = "com.apple.product-type.application";
		};
/* End PBXNativeTarget section */

/* Begin PBXProject section */
		6CAD22872790645200FB46CF /* Project object */ = {
			isa = PBXProject;
			attributes = {
				BuildIndependentTargetsInParallel = 1;
				LastSwiftUpdateCheck = 1320;
				LastUpgradeCheck = 1320;
				TargetAttributes = {
					6CAD228E2790645200FB46CF = {
						CreatedOnToolsVersion = 13.2.1;
					};
				};
			};
			buildConfigurationList = 6CAD228A2790645200FB46CF /* Build configuration list for PBXProject "DelegatePractice" */;
			compatibilityVersion = "Xcode 13.0";
			developmentRegion = en;
			hasScannedForEncodings = 0;
			knownRegions = (
				en,
				Base,
			);
			mainGroup = 6CAD22862790645200FB46CF;
			productRefGroup = 6CAD22902790645200FB46CF /* Products */;
			projectDirPath = "";
			projectRoot = "";
			targets = (
				6CAD228E2790645200FB46CF /* DelegatePractice */,
			);
		};
/* End PBXProject section */

/* Begin PBXResourcesBuildPhase section */
		6CAD228D2790645200FB46CF /* Resources */ = {
			isa = PBXResourcesBuildPhase;
			buildActionMask = 2147483647;
			files = (
				6CAD229F2790645200FB46CF /* LaunchScreen.storyboard in Resources */,
				6CAD229C2790645200FB46CF /* Assets.xcassets in Resources */,
			);
			runOnlyForDeploymentPostprocessing = 0;
		};
/* End PBXResourcesBuildPhase section */

/* Begin PBXSourcesBuildPhase section */
		6CAD228B2790645200FB46CF /* Sources */ = {
			isa = PBXSourcesBuildPhase;
			buildActionMask = 2147483647;
			files = (
				6CD3731D27915649009D64BE /* LoginScreenVC.swift in Sources */,
				6C85F7272791C6C000C78D01 /* UIStackViewExtension.swift in Sources */,
				6CAD22932790645200FB46CF /* AppDelegate.swift in Sources */,
				6CFD33CE2792C4E20001C209 /* MainScreenVC.swift in Sources */,
				6CD373202791571C009D64BE /* SetupConstrainsToViews.swift in Sources */,
				6CFD33D02792C5010001C209 /* RegistrationVC.swift in Sources */,
				6CAD22952790645200FB46CF /* SceneDelegate.swift in Sources */,
			);
			runOnlyForDeploymentPostprocessing = 0;
		};
/* End PBXSourcesBuildPhase section */

/* Begin PBXVariantGroup section */
		6CAD229D2790645200FB46CF /* LaunchScreen.storyboard */ = {
			isa = PBXVariantGroup;
			children = (
				6CAD229E2790645200FB46CF /* Base */,
			);
			name = LaunchScreen.storyboard;
			sourceTree = "<group>";
		};
/* End PBXVariantGroup section */

/* Begin XCBuildConfiguration section */
		6CAD22A12790645200FB46CF /* Debug */ = {
			isa = XCBuildConfiguration;
			buildSettings = {
				ALWAYS_SEARCH_USER_PATHS = NO;
				CLANG_ANALYZER_NONNULL = YES;
				CLANG_ANALYZER_NUMBER_OBJECT_CONVERSION = YES_AGGRESSIVE;
				CLANG_CXX_LANGUAGE_STANDARD = "gnu++17";
				CLANG_CXX_LIBRARY = "libc++";
				CLANG_ENABLE_MODULES = YES;
				CLANG_ENABLE_OBJC_ARC = YES;
				CLANG_ENABLE_OBJC_WEAK = YES;
				CLANG_WARN_BLOCK_CAPTURE_AUTORELEASING = YES;
				CLANG_WARN_BOOL_CONVERSION = YES;
				CLANG_WARN_COMMA = YES;
				CLANG_WARN_CONSTANT_CONVERSION = YES;
				CLANG_WARN_DEPRECATED_OBJC_IMPLEMENTATIONS = YES;
				CLANG_WARN_DIRECT_OBJC_ISA_USAGE = YES_ERROR;
				CLANG_WARN_DOCUMENTATION_COMMENTS = YES;
				CLANG_WARN_EMPTY_BODY = YES;
				CLANG_WARN_ENUM_CONVERSION = YES;
				CLANG_WARN_INFINITE_RECURSION = YES;
				CLANG_WARN_INT_CONVERSION = YES;
				CLANG_WARN_NON_LITERAL_NULL_CONVERSION = YES;
				CLANG_WARN_OBJC_IMPLICIT_RETAIN_SELF = YES;
				CLANG_WARN_OBJC_LITERAL_CONVERSION = YES;
				CLANG_WARN_OBJC_ROOT_CLASS = YES_ERROR;
				CLANG_WARN_QUOTED_INCLUDE_IN_FRAMEWORK_HEADER = YES;
				CLANG_WARN_RANGE_LOOP_ANALYSIS = YES;
				CLANG_WARN_STRICT_PROTOTYPES = YES;
				CLANG_WARN_SUSPICIOUS_MOVE = YES;
				CLANG_WARN_UNGUARDED_AVAILABILITY = YES_AGGRESSIVE;
				CLANG_WARN_UNREACHABLE_CODE = YES;
				CLANG_WARN__DUPLICATE_METHOD_MATCH = YES;
				COPY_PHASE_STRIP = NO;
				DEBUG_INFORMATION_FORMAT = dwarf;
				ENABLE_STRICT_OBJC_MSGSEND = YES;
				ENABLE_TESTABILITY = YES;
				GCC_C_LANGUAGE_STANDARD = gnu11;
				GCC_DYNAMIC_NO_PIC = NO;
				GCC_NO_COMMON_BLOCKS = YES;
				GCC_OPTIMIZATION_LEVEL = 0;
				GCC_PREPROCESSOR_DEFINITIONS = (
					"DEBUG=1",
					"$(inherited)",
				);
				GCC_WARN_64_TO_32_BIT_CONVERSION = YES;
				GCC_WARN_ABOUT_RETURN_TYPE = YES_ERROR;
				GCC_WARN_UNDECLARED_SELECTOR = YES;
				GCC_WARN_UNINITIALIZED_AUTOS = YES_AGGRESSIVE;
				GCC_WARN_UNUSED_FUNCTION = YES;
				GCC_WARN_UNUSED_VARIABLE = YES;
				IPHONEOS_DEPLOYMENT_TARGET = 15.2;
				MTL_ENABLE_DEBUG_INFO = INCLUDE_SOURCE;
				MTL_FAST_MATH = YES;
				ONLY_ACTIVE_ARCH = YES;
				SDKROOT = iphoneos;
				SWIFT_ACTIVE_COMPILATION_CONDITIONS = DEBUG;
				SWIFT_OPTIMIZATION_LEVEL = "-Onone";
			};
			name = Debug;
		};
		6CAD22A22790645200FB46CF /* Release */ = {
			isa = XCBuildConfiguration;
			buildSettings = {
				ALWAYS_SEARCH_USER_PATHS = NO;
				CLANG_ANALYZER_NONNULL = YES;
				CLANG_ANALYZER_NUMBER_OBJECT_CONVERSION = YES_AGGRESSIVE;
				CLANG_CXX_LANGUAGE_STANDARD = "gnu++17";
				CLANG_CXX_LIBRARY = "libc++";
				CLANG_ENABLE_MODULES = YES;
				CLANG_ENABLE_OBJC_ARC = YES;
				CLANG_ENABLE_OBJC_WEAK = YES;
				CLANG_WARN_BLOCK_CAPTURE_AUTORELEASING = YES;
				CLANG_WARN_BOOL_CONVERSION = YES;
				CLANG_WARN_COMMA = YES;
				CLANG_WARN_CONSTANT_CONVERSION = YES;
				CLANG_WARN_DEPRECATED_OBJC_IMPLEMENTATIONS = YES;
				CLANG_WARN_DIRECT_OBJC_ISA_USAGE = YES_ERROR;
				CLANG_WARN_DOCUMENTATION_COMMENTS = YES;
				CLANG_WARN_EMPTY_BODY = YES;
				CLANG_WARN_ENUM_CONVERSION = YES;
				CLANG_WARN_INFINITE_RECURSION = YES;
				CLANG_WARN_INT_CONVERSION = YES;
				CLANG_WARN_NON_LITERAL_NULL_CONVERSION = YES;
				CLANG_WARN_OBJC_IMPLICIT_RETAIN_SELF = YES;
				CLANG_WARN_OBJC_LITERAL_CONVERSION = YES;
				CLANG_WARN_OBJC_ROOT_CLASS = YES_ERROR;
				CLANG_WARN_QUOTED_INCLUDE_IN_FRAMEWORK_HEADER = YES;
				CLANG_WARN_RANGE_LOOP_ANALYSIS = YES;
				CLANG_WARN_STRICT_PROTOTYPES = YES;
				CLANG_WARN_SUSPICIOUS_MOVE = YES;
				CLANG_WARN_UNGUARDED_AVAILABILITY = YES_AGGRESSIVE;
				CLANG_WARN_UNREACHABLE_CODE = YES;
				CLANG_WARN__DUPLICATE_METHOD_MATCH = YES;
				COPY_PHASE_STRIP = NO;
				DEBUG_INFORMATION_FORMAT = "dwarf-with-dsym";
				ENABLE_NS_ASSERTIONS = NO;
				ENABLE_STRICT_OBJC_MSGSEND = YES;
				GCC_C_LANGUAGE_STANDARD = gnu11;
				GCC_NO_COMMON_BLOCKS = YES;
				GCC_WARN_64_TO_32_BIT_CONVERSION = YES;
				GCC_WARN_ABOUT_RETURN_TYPE = YES_ERROR;
				GCC_WARN_UNDECLARED_SELECTOR = YES;
				GCC_WARN_UNINITIALIZED_AUTOS = YES_AGGRESSIVE;
				GCC_WARN_UNUSED_FUNCTION = YES;
				GCC_WARN_UNUSED_VARIABLE = YES;
				IPHONEOS_DEPLOYMENT_TARGET = 15.2;
				MTL_ENABLE_DEBUG_INFO = NO;
				MTL_FAST_MATH = YES;
				SDKROOT = iphoneos;
				SWIFT_COMPILATION_MODE = wholemodule;
				SWIFT_OPTIMIZATION_LEVEL = "-O";
				VALIDATE_PRODUCT = YES;
			};
			name = Release;
		};
		6CAD22A42790645200FB46CF /* Debug */ = {
			isa = XCBuildConfiguration;
			buildSettings = {
				ASSETCATALOG_COMPILER_APPICON_NAME = AppIcon;
				ASSETCATALOG_COMPILER_GLOBAL_ACCENT_COLOR_NAME = AccentColor;
				CODE_SIGN_STYLE = Automatic;
				CURRENT_PROJECT_VERSION = 1;
				DEVELOPMENT_TEAM = BYS83TMS8Q;
				GENERATE_INFOPLIST_FILE = YES;
				INFOPLIST_FILE = DelegatePractice/Info.plist;
				INFOPLIST_KEY_UIApplicationSupportsIndirectInputEvents = YES;
				INFOPLIST_KEY_UILaunchStoryboardName = LaunchScreen;
				INFOPLIST_KEY_UISupportedInterfaceOrientations = "UIInterfaceOrientationPortrait UIInterfaceOrientationLandscapeLeft UIInterfaceOrientationLandscapeRight";
				INFOPLIST_KEY_UISupportedInterfaceOrientations_iPad = "UIInterfaceOrientationPortrait UIInterfaceOrientationPortraitUpsideDown UIInterfaceOrientationLandscapeLeft UIInterfaceOrientationLandscapeRight";
				INFOPLIST_KEY_UISupportedInterfaceOrientations_iPhone = "UIInterfaceOrientationPortrait UIInterfaceOrientationLandscapeLeft UIInterfaceOrientationLandscapeRight";
				LD_RUNPATH_SEARCH_PATHS = (
					"$(inherited)",
					"@executable_path/Frameworks",
				);
				MARKETING_VERSION = 1.0;
				PRODUCT_BUNDLE_IDENTIFIER = IhnatievDima.DelegatePractice;
				PRODUCT_NAME = "$(TARGET_NAME)";
				SWIFT_EMIT_LOC_STRINGS = YES;
				SWIFT_VERSION = 5.0;
				TARGETED_DEVICE_FAMILY = "1,2";
			};
			name = Debug;
		};
		6CAD22A52790645200FB46CF /* Release */ = {
			isa = XCBuildConfiguration;
			buildSettings = {
				ASSETCATALOG_COMPILER_APPICON_NAME = AppIcon;
				ASSETCATALOG_COMPILER_GLOBAL_ACCENT_COLOR_NAME = AccentColor;
				CODE_SIGN_STYLE = Automatic;
				CURRENT_PROJECT_VERSION = 1;
				DEVELOPMENT_TEAM = BYS83TMS8Q;
				GENERATE_INFOPLIST_FILE = YES;
				INFOPLIST_FILE = DelegatePractice/Info.plist;
				INFOPLIST_KEY_UIApplicationSupportsIndirectInputEvents = YES;
				INFOPLIST_KEY_UILaunchStoryboardName = LaunchScreen;
				INFOPLIST_KEY_UISupportedInterfaceOrientations = "UIInterfaceOrientationPortrait UIInterfaceOrientationLandscapeLeft UIInterfaceOrientationLandscapeRight";
				INFOPLIST_KEY_UISupportedInterfaceOrientations_iPad = "UIInterfaceOrientationPortrait UIInterfaceOrientationPortraitUpsideDown UIInterfaceOrientationLandscapeLeft UIInterfaceOrientationLandscapeRight";
				INFOPLIST_KEY_UISupportedInterfaceOrientations_iPhone = "UIInterfaceOrientationPortrait UIInterfaceOrientationLandscapeLeft UIInterfaceOrientationLandscapeRight";
				LD_RUNPATH_SEARCH_PATHS = (
					"$(inherited)",
					"@executable_path/Frameworks",
				);
				MARKETING_VERSION = 1.0;
				PRODUCT_BUNDLE_IDENTIFIER = IhnatievDima.DelegatePractice;
				PRODUCT_NAME = "$(TARGET_NAME)";
				SWIFT_EMIT_LOC_STRINGS = YES;
				SWIFT_VERSION = 5.0;
				TARGETED_DEVICE_FAMILY = "1,2";
			};
			name = Release;
		};
/* End XCBuildConfiguration section */

/* Begin XCConfigurationList section */
		6CAD228A2790645200FB46CF /* Build configuration list for PBXProject "DelegatePractice" */ = {
			isa = XCConfigurationList;
			buildConfigurations = (
				6CAD22A12790645200FB46CF /* Debug */,
				6CAD22A22790645200FB46CF /* Release */,
			);
			defaultConfigurationIsVisible = 0;
			defaultConfigurationName = Release;
		};
		6CAD22A32790645200FB46CF /* Build configuration list for PBXNativeTarget "DelegatePractice" */ = {
			isa = XCConfigurationList;
			buildConfigurations = (
				6CAD22A42790645200FB46CF /* Debug */,
				6CAD22A52790645200FB46CF /* Release */,
			);
			defaultConfigurationIsVisible = 0;
			defaultConfigurationName = Release;
		};
/* End XCConfigurationList section */
	};
	rootObject = 6CAD22872790645200FB46CF /* Project object */;
}
